# This file is automatically @generated by Cargo.
# It is not intended for manual editing.
version = 3

[[package]]
name = "bitflags"
version = "1.3.2"
source = "registry+https://github.com/rust-lang/crates.io-index"
checksum = "bef38d45163c2f1dde094a7dfd33ccf595c92905c8f8f4fdc18d06fb1037718a"

[[package]]
name = "bitflags"
version = "2.3.3"
source = "registry+https://github.com/rust-lang/crates.io-index"
checksum = "630be753d4e58660abd17930c71b647fe46c27ea6b63cc59e1e3851406972e42"
dependencies = [
 "serde",
]

[[package]]
name = "cinea-os-sysapi"
version = "0.1.0"
dependencies = [
 "bitflags 2.3.3",
 "fatfs",
 "postcard",
 "serde",
]

[[package]]
name = "cobs"
version = "0.2.3"
source = "registry+https://github.com/rust-lang/crates.io-index"
checksum = "67ba02a97a2bd10f4b59b25c7973101c79642302776489e030cd13cdab09ed15"

[[package]]
name = "fatfs"
version = "0.4.0"
source = "git+https://github.com/rafalh/rust-fatfs.git#a3a834ef92d94dd227c316c0887654dab00ae085"
dependencies = [
 "bitflags 1.3.2",
 "log",
]

[[package]]
name = "log"
version = "0.4.19"
source = "registry+https://github.com/rust-lang/crates.io-index"
checksum = "b06a4cde4c0f271a446782e3eff8de789548ce57dbc8eca9292c27f4a42004b4"

[[package]]
name = "postcard"
version = "1.0.6"
source = "registry+https://github.com/rust-lang/crates.io-index"
checksum = "c9ee729232311d3cd113749948b689627618133b1c5012b77342c1950b25eaeb"
dependencies = [
 "cobs",
 "serde",
]

[[package]]
name = "proc-macro2"
version = "1.0.66"
source = "registry+https://github.com/rust-lang/crates.io-index"
checksum = "18fb31db3f9bddb2ea821cde30a9f70117e3f119938b5ee630b7403aa6e2ead9"
dependencies = [
 "unicode-ident",
]

[[package]]
name = "quote"
version = "1.0.31"
source = "registry+https://github.com/rust-lang/crates.io-index"
checksum = "5fe8a65d69dd0808184ebb5f836ab526bb259db23c657efa38711b1072ee47f0"
dependencies = [
 "proc-macro2",
]

[[package]]
name = "serde"
version = "1.0.174"
source = "registry+https://github.com/rust-lang/crates.io-index"
checksum = "3b88756493a5bd5e5395d53baa70b194b05764ab85b59e43e4b8f4e1192fa9b1"
dependencies = [
 "serde_derive",
]

[[package]]
name = "serde_derive"
version = "1.0.174"
source = "registry+https://github.com/rust-lang/crates.io-index"
checksum = "6e5c3a298c7f978e53536f95a63bdc4c4a64550582f31a0359a9afda6aede62e"
dependencies = [
 "proc-macro2",
 "quote",
 "syn",
]

[[package]]
name = "syn"
version = "2.0.27"
source = "registry+https://github.com/rust-lang/crates.io-index"
checksum = "b60f673f44a8255b9c8c657daf66a596d435f2da81a555b06dc644d080ba45e0"
dependencies = [
 "proc-macro2",
 "quote",
 "unicode-ident",
]

[[package]]
name = "unicode-ident"
version = "1.0.11"
source = "registry+https://github.com/rust-lang/crates.io-index"
checksum = "301abaae475aa91687eb82514b328ab47a211a533026cb25fc3e519b86adfc3c"
